{
  "name": "postgres",
  "version": "3.4.7",
  "lockfileVersion": 3,
  "requires": true,
  "packages": {
    "": {
      "name": "postgres",
      "version": "3.4.7",
      "license": "Unlicense",
      "engines": {
        "node": ">=12"
      },
      "funding": {
        "type": "individual",
        "url": "https://github.com/sponsors/porsager"
      }
    }
  }
}
